github.com/davecgh/go-spew v1.1.1/go.mod h1:J7Y8YcW2NihsgmVo/mv3lAwl/skON4iLHjSsI+c5H38=
github.com/lib/pq v1.10.9 h1:YXG7RB+JIjhP29X+OtkiDnYaXQwpS4JEWq7dtCCRUEw=
github.com/lib/pq v1.10.9/go.mod h1:AlVN5x4E4T544tWzH6hKfbfQvm3HdbOxrmggDNAPY9o=
github.com/pmezard/go-difflib v1.0.0/go.mod h1:iKH77koFhYxTK1pcRnkKkqfTogsbg7gZNVY4sRDYZ/4=
github.com/siruspen/logrus v1.7.1 h1:IMmhpka8uZtqUMfoDNroMx2R5XPmZMqI6j9hzxNEJns=
github.com/siruspen/logrus v1.7.1/go.mod h1:lfB5O4xzafonaTj4M8Nz2O01tJG8p8Sfvrx3c/GW6FY=
github.com/stretchr/testify v1.2.2/go.mod h1:a8OnRcib4nhh0OaRAV+Yts87kKdq0PP7pXfy6kDkUVs=
github.com/tonie-ng/go-dotenv v0.1.2 h1:w6hvMzE4ALBcRfHW3y9ut7rDdq9/mWhjNtpAay+ZZo4=
github.com/tonie-ng/go-dotenv v0.1.2/go.mod h1:XVzkNdafBDpvbCmukTU+P7mEXOgyrA/PcrH4+7XR6Ek=
golang.org/x/sys v0.0.0-20191026070338-33540a1f6037/go.mod h1:h1NjWce9XRLGQEsW7wpKNCjG9DtNlClVuFLEZdDNbEs=
golang.org/x/sys v0.19.0 h1:q5f1RH2jigJ1MoAWp2KTp3gm5zAGFUTarQZ5U386+4o=
golang.org/x/sys v0.19.0/go.mod h1:/VUhepiaJMQUp4+oa/7Zr1D23ma6VTLIYjOOTFZPUcA=
